
Microsoft Visual Studio Solution File, Format Version 12.00
# Visual Studio 15
VisualStudioVersion = 15.0.28307.852
MinimumVisualStudioVersion = 10.0.40219.1
Project("{FAE04EC0-301F-11D3-BF4B-00C04F79EFBC}") = "IOTLink.Diachinh", "IOTLink.Diachinh\IOTLink.Diachinh.csproj", "{14FCE407-2CEC-447D-B136-B08FBFDE3AE0}"
EndProject
Global
	GlobalSection(SolutionConfigurationPlatforms) = preSolution
		Debug|Any CPU = Debug|Any CPU
		Debug|x64 = Debug|x64
		Release|Any CPU = Release|Any CPU
		Release|x64 = Release|x64
	EndGlobalSection
	GlobalSection(ProjectConfigurationPlatforms) = postSolution
		{14FCE407-2CEC-447D-B136-B08FBFDE3AE0}.Debug|Any CPU.ActiveCfg = Debug|Any CPU
		{14FCE407-2CEC-447D-B136-B08FBFDE3AE0}.Debug|Any CPU.Build.0 = Debug|Any CPU
		{14FCE407-2CEC-447D-B136-B08FBFDE3AE0}.Debug|x64.ActiveCfg = Debug|Any CPU
		{14FCE407-2CEC-447D-B136-B08FBFDE3AE0}.Debug|x64.Build.0 = Debug|Any CPU
		{14FCE407-2CEC-447D-B136-B08FBFDE3AE0}.Release|Any CPU.ActiveCfg = Release|Any CPU
		{14FCE407-2CEC-447D-B136-B08FBFDE3AE0}.Release|Any CPU.Build.0 = Release|Any CPU
		{14FCE407-2CEC-447D-B136-B08FBFDE3AE0}.Release|x64.ActiveCfg = Release|Any CPU
		{14FCE407-2CEC-447D-B136-B08FBFDE3AE0}.Release|x64.Build.0 = Release|Any CPU
	EndGlobalSection
	GlobalSection(SolutionProperties) = preSolution
		HideSolutionNode = FALSE
	EndGlobalSection
	GlobalSection(ExtensibilityGlobals) = postSolution
		SolutionGuid = {2035A2CD-4B85-4C82-BA5D-5674A6D0ABC6}
	EndGlobalSection
EndGlobal
